Microsoft Visual Studio Solution File, Format Version 12.00
# Visual Studio Version 16
VisualStudioVersion = 16.0.31314.313
MinimumVisualStudioVersion = 10.0.40219.1
Project("{9A19103F-16F7-4668-BE54-9A1E7A4F7556}") = "Easypay.Rest.Client", "src\Easypay.Rest.Client\Easypay.Rest.Client.csproj", "{B43AD023-61E0-4675-A4F1-03C4FFA2DCFA}"
EndProject
Project("{9A19103F-16F7-4668-BE54-9A1E7A4F7556}") = "Easypay.Rest.Client.Test", "src\Easypay.Rest.Client.Test\Easypay.Rest.Client.Test.csproj", "{19F1DEBC-DE5E-4517-8062-F000CD499087}"
EndProject
Global
	GlobalSection(SolutionConfigurationPlatforms) = preSolution
		Debug|Any CPU = Debug|Any CPU
		Release|Any CPU = Release|Any CPU
	EndGlobalSection
	GlobalSection(ProjectConfigurationPlatforms) = postSolution
		{B43AD023-61E0-4675-A4F1-03C4FFA2DCFA}.Debug|Any CPU.ActiveCfg = Debug|Any CPU
		{B43AD023-61E0-4675-A4F1-03C4FFA2DCFA}.Debug|Any CPU.Build.0 = Debug|Any CPU
		{B43AD023-61E0-4675-A4F1-03C4FFA2DCFA}.Release|Any CPU.ActiveCfg = Release|Any CPU
		{B43AD023-61E0-4675-A4F1-03C4FFA2DCFA}.Release|Any CPU.Build.0 = Release|Any CPU
		{19F1DEBC-DE5E-4517-8062-F000CD499087}.Debug|Any CPU.ActiveCfg = Debug|Any CPU
		{19F1DEBC-DE5E-4517-8062-F000CD499087}.Debug|Any CPU.Build.0 = Debug|Any CPU
		{19F1DEBC-DE5E-4517-8062-F000CD499087}.Release|Any CPU.ActiveCfg = Release|Any CPU
		{19F1DEBC-DE5E-4517-8062-F000CD499087}.Release|Any CPU.Build.0 = Release|Any CPU
	EndGlobalSection
	GlobalSection(SolutionProperties) = preSolution
		HideSolutionNode = FALSE
	EndGlobalSection
	GlobalSection(ExtensibilityGlobals) = postSolution
		SolutionGuid = {43D4C5F9-6407-425D-B1FE-8A908BE53631}
	EndGlobalSection
EndGlobal
